
Microsoft Visual Studio Solution File, Format Version 12.00
# Visual Studio Version 16
VisualStudioVersion = 16.0.30621.155
MinimumVisualStudioVersion = 10.0.40219.1
Project("{9A19103F-16F7-4668-BE54-9A1E7A4F7556}") = "MassTransitSagaDeadlock.Worker", "MassTransitSagaDeadlock.Worker\MassTransitSagaDeadlock.Worker.csproj", "{8E2F2803-B052-4956-8C77-F13441864450}"
EndProject
Project("{FAE04EC0-301F-11D3-BF4B-00C04F79EFBC}") = "MassTransitSagaDeadlock.Console.Client", "MassTransitSagaDeadlock.Console.Client\MassTransitSagaDeadlock.Console.Client.csproj", "{452DBCC1-A279-4495-94CD-AB13E2C79569}"
EndProject
Global
	GlobalSection(SolutionConfigurationPlatforms) = preSolution
		Debug|Any CPU = Debug|Any CPU
		Release|Any CPU = Release|Any CPU
	EndGlobalSection
	GlobalSection(ProjectConfigurationPlatforms) = postSolution
		{8E2F2803-B052-4956-8C77-F13441864450}.Debug|Any CPU.ActiveCfg = Debug|Any CPU
		{8E2F2803-B052-4956-8C77-F13441864450}.Debug|Any CPU.Build.0 = Debug|Any CPU
		{8E2F2803-B052-4956-8C77-F13441864450}.Release|Any CPU.ActiveCfg = Release|Any CPU
		{8E2F2803-B052-4956-8C77-F13441864450}.Release|Any CPU.Build.0 = Release|Any CPU
		{452DBCC1-A279-4495-94CD-AB13E2C79569}.Debug|Any CPU.ActiveCfg = Debug|Any CPU
		{452DBCC1-A279-4495-94CD-AB13E2C79569}.Debug|Any CPU.Build.0 = Debug|Any CPU
		{452DBCC1-A279-4495-94CD-AB13E2C79569}.Release|Any CPU.ActiveCfg = Release|Any CPU
		{452DBCC1-A279-4495-94CD-AB13E2C79569}.Release|Any CPU.Build.0 = Release|Any CPU
	EndGlobalSection
	GlobalSection(SolutionProperties) = preSolution
		HideSolutionNode = FALSE
	EndGlobalSection
	GlobalSection(ExtensibilityGlobals) = postSolution
		SolutionGuid = {D908DE7C-F7F4-41BB-BB1B-5C9ED25A3CED}
	EndGlobalSection
EndGlobal
